{
  "version": 4,
  "terraform_version": "1.2.8",
  "serial": 1,
  "lineage": "01b55786-91de-c90d-de36-72f05dc05786",
  "outputs": {},
  "resources": [
    {
      "mode": "managed",
      "type": "github_repository",
      "name": "example",
      "provider": "provider[\"registry.terraform.io/integrations/github\"]",
      "instances": [
        {
          "schema_version": 0,
          "attributes": {
            "allow_auto_merge": false,
            "allow_merge_commit": true,
            "allow_rebase_merge": true,
            "allow_squash_merge": true,
            "archive_on_destroy": null,
            "archived": false,
            "auto_init": null,
            "branches": [],
            "default_branch": "main",
            "delete_branch_on_merge": false,
            "description": "",
            "etag": "W/\"272aae06dd220ee64cf01f78c0140f00355abb1409b161f82fcb049a376590bb\"",
            "full_name": "dylman123/terraform-demos",
            "git_clone_url": "git://github.com/dylman123/terraform-demos.git",
            "gitignore_template": null,
            "has_downloads": false,
            "has_issues": false,
            "has_projects": false,
            "has_wiki": false,
            "homepage_url": "",
            "html_url": "https://github.com/dylman123/terraform-demos",
            "http_clone_url": "https://github.com/dylman123/terraform-demos.git",
            "id": "terraform-demos",
            "ignore_vulnerability_alerts_during_read": null,
            "is_template": false,
            "license_template": null,
            "merge_commit_message": "PR_TITLE",
            "merge_commit_title": "MERGE_MESSAGE",
            "name": "terraform-demos",
            "node_id": "R_kgDOH7AF3Q",
            "pages": [],
            "private": true,
            "repo_id": 531629533,
            "squash_merge_commit_message": "COMMIT_MESSAGES",
            "squash_merge_commit_title": "COMMIT_OR_PR_TITLE",
            "ssh_clone_url": "git@github.com:dylman123/terraform-demos.git",
            "svn_url": "https://github.com/dylman123/terraform-demos",
            "template": [],
            "topics": null,
            "visibility": "private",
            "vulnerability_alerts": false
          },
          "sensitive_attributes": [],
          "private": "bnVsbA=="
        }
      ]
    }
  ]
}
